
Microsoft Visual Studio Solution File, Format Version 12.00
# Visual Studio 15
Project("{FAE04EC0-301F-11D3-BF4B-00C04F79EFBC}") = "mobile.Android", "mobile.Android\mobile.Android.csproj", "{C6A505E1-6AA6-41E6-8186-EF52F657ACF8}"
EndProject
Project("{FAE04EC0-301F-11D3-BF4B-00C04F79EFBC}") = "mobile.iOS", "mobile.iOS\mobile.iOS.csproj", "{682173BA-1F6F-4068-9A8D-9F749BB05B8F}"
EndProject
Project("{FAE04EC0-301F-11D3-BF4B-00C04F79EFBC}") = "mobile", "mobile\mobile.csproj", "{000CEFEC-D1CA-40BA-A267-234FA04855C6}"
EndProject
Global
	GlobalSection(SolutionConfigurationPlatforms) = preSolution
		Debug|Any CPU = Debug|Any CPU
		Release|Any CPU = Release|Any CPU
		Debug|iPhoneSimulator = Debug|iPhoneSimulator
		Release|iPhoneSimulator = Release|iPhoneSimulator
		Debug|iPhone = Debug|iPhone
		Release|iPhone = Release|iPhone
	EndGlobalSection
	GlobalSection(ProjectConfigurationPlatforms) = postSolution
		{C6A505E1-6AA6-41E6-8186-EF52F657ACF8}.Debug|Any CPU.ActiveCfg = Debug|Any CPU
		{C6A505E1-6AA6-41E6-8186-EF52F657ACF8}.Debug|Any CPU.Build.0 = Debug|Any CPU
		{C6A505E1-6AA6-41E6-8186-EF52F657ACF8}.Release|Any CPU.ActiveCfg = Release|Any CPU
		{C6A505E1-6AA6-41E6-8186-EF52F657ACF8}.Release|Any CPU.Build.0 = Release|Any CPU
		{C6A505E1-6AA6-41E6-8186-EF52F657ACF8}.Debug|iPhoneSimulator.ActiveCfg = Debug|Any CPU
		{C6A505E1-6AA6-41E6-8186-EF52F657ACF8}.Debug|iPhoneSimulator.Build.0 = Debug|Any CPU
		{C6A505E1-6AA6-41E6-8186-EF52F657ACF8}.Release|iPhoneSimulator.ActiveCfg = Release|Any CPU
		{C6A505E1-6AA6-41E6-8186-EF52F657ACF8}.Release|iPhoneSimulator.Build.0 = Release|Any CPU
		{C6A505E1-6AA6-41E6-8186-EF52F657ACF8}.Debug|iPhone.ActiveCfg = Debug|Any CPU
		{C6A505E1-6AA6-41E6-8186-EF52F657ACF8}.Debug|iPhone.Build.0 = Debug|Any CPU
		{C6A505E1-6AA6-41E6-8186-EF52F657ACF8}.Release|iPhone.ActiveCfg = Release|Any CPU
		{C6A505E1-6AA6-41E6-8186-EF52F657ACF8}.Release|iPhone.Build.0 = Release|Any CPU
		{682173BA-1F6F-4068-9A8D-9F749BB05B8F}.Debug|Any CPU.ActiveCfg = Debug|iPhoneSimulator
		{682173BA-1F6F-4068-9A8D-9F749BB05B8F}.Debug|Any CPU.Build.0 = Debug|iPhoneSimulator
		{682173BA-1F6F-4068-9A8D-9F749BB05B8F}.Release|Any CPU.ActiveCfg = Release|iPhoneSimulator
		{682173BA-1F6F-4068-9A8D-9F749BB05B8F}.Release|Any CPU.Build.0 = Release|iPhoneSimulator
		{682173BA-1F6F-4068-9A8D-9F749BB05B8F}.Debug|iPhoneSimulator.ActiveCfg = Debug|iPhoneSimulator
		{682173BA-1F6F-4068-9A8D-9F749BB05B8F}.Debug|iPhoneSimulator.Build.0 = Debug|iPhoneSimulator
		{682173BA-1F6F-4068-9A8D-9F749BB05B8F}.Release|iPhoneSimulator.ActiveCfg = Release|iPhoneSimulator
		{682173BA-1F6F-4068-9A8D-9F749BB05B8F}.Release|iPhoneSimulator.Build.0 = Release|iPhoneSimulator
		{682173BA-1F6F-4068-9A8D-9F749BB05B8F}.Debug|iPhone.ActiveCfg = Debug|iPhone
		{682173BA-1F6F-4068-9A8D-9F749BB05B8F}.Debug|iPhone.Build.0 = Debug|iPhone
		{682173BA-1F6F-4068-9A8D-9F749BB05B8F}.Release|iPhone.ActiveCfg = Release|iPhone
		{682173BA-1F6F-4068-9A8D-9F749BB05B8F}.Release|iPhone.Build.0 = Release|iPhone
		{000CEFEC-D1CA-40BA-A267-234FA04855C6}.Debug|Any CPU.ActiveCfg = Debug|Any CPU
		{000CEFEC-D1CA-40BA-A267-234FA04855C6}.Debug|Any CPU.Build.0 = Debug|Any CPU
		{000CEFEC-D1CA-40BA-A267-234FA04855C6}.Release|Any CPU.ActiveCfg = Release|Any CPU
		{000CEFEC-D1CA-40BA-A267-234FA04855C6}.Release|Any CPU.Build.0 = Release|Any CPU
		{000CEFEC-D1CA-40BA-A267-234FA04855C6}.Debug|iPhoneSimulator.ActiveCfg = Debug|Any CPU
		{000CEFEC-D1CA-40BA-A267-234FA04855C6}.Debug|iPhoneSimulator.Build.0 = Debug|Any CPU
		{000CEFEC-D1CA-40BA-A267-234FA04855C6}.Release|iPhoneSimulator.ActiveCfg = Release|Any CPU
		{000CEFEC-D1CA-40BA-A267-234FA04855C6}.Release|iPhoneSimulator.Build.0 = Release|Any CPU
		{000CEFEC-D1CA-40BA-A267-234FA04855C6}.Debug|iPhone.ActiveCfg = Debug|Any CPU
		{000CEFEC-D1CA-40BA-A267-234FA04855C6}.Debug|iPhone.Build.0 = Debug|Any CPU
		{000CEFEC-D1CA-40BA-A267-234FA04855C6}.Release|iPhone.ActiveCfg = Release|Any CPU
		{000CEFEC-D1CA-40BA-A267-234FA04855C6}.Release|iPhone.Build.0 = Release|Any CPU
	EndGlobalSection
EndGlobal
